
Microsoft Visual Studio Solution File, Format Version 12.00
# Visual Studio Version 17
VisualStudioVersion = 17.5.002.0
MinimumVisualStudioVersion = 10.0.40219.1
Project("{9A19103F-16F7-4668-BE54-9A1E7A4F7556}") = "proj-acad-academico", "proj-acad-academico.csproj", "{680BEE45-1FDE-4EFC-9D5E-094D7258FE6A}"
EndProject
Global
	GlobalSection(SolutionConfigurationPlatforms) = preSolution
		Debug|Any CPU = Debug|Any CPU
		Release|Any CPU = Release|Any CPU
	EndGlobalSection
	GlobalSection(ProjectConfigurationPlatforms) = postSolution
		{680BEE45-1FDE-4EFC-9D5E-094D7258FE6A}.Debug|Any CPU.ActiveCfg = Debug|Any CPU
		{680BEE45-1FDE-4EFC-9D5E-094D7258FE6A}.Debug|Any CPU.Build.0 = Debug|Any CPU
		{680BEE45-1FDE-4EFC-9D5E-094D7258FE6A}.Release|Any CPU.ActiveCfg = Release|Any CPU
		{680BEE45-1FDE-4EFC-9D5E-094D7258FE6A}.Release|Any CPU.Build.0 = Release|Any CPU
	EndGlobalSection
	GlobalSection(SolutionProperties) = preSolution
		HideSolutionNode = FALSE
	EndGlobalSection
	GlobalSection(ExtensibilityGlobals) = postSolution
		SolutionGuid = {D321E1DB-2514-43CF-9A5B-803941C13028}
	EndGlobalSection
EndGlobal
