
Microsoft Visual Studio Solution File, Format Version 12.00
# Visual Studio Version 17
VisualStudioVersion = 17.5.002.0
MinimumVisualStudioVersion = 10.0.40219.1
Project("{9A19103F-16F7-4668-BE54-9A1E7A4F7556}") = "PSCOM02E2", "PSCOM02E2.csproj", "{33582433-4EA4-4132-B422-36DCC69C64CF}"
EndProject
Global
	GlobalSection(SolutionConfigurationPlatforms) = preSolution
		Debug|Any CPU = Debug|Any CPU
		Release|Any CPU = Release|Any CPU
	EndGlobalSection
	GlobalSection(ProjectConfigurationPlatforms) = postSolution
		{33582433-4EA4-4132-B422-36DCC69C64CF}.Debug|Any CPU.ActiveCfg = Debug|Any CPU
		{33582433-4EA4-4132-B422-36DCC69C64CF}.Debug|Any CPU.Build.0 = Debug|Any CPU
		{33582433-4EA4-4132-B422-36DCC69C64CF}.Release|Any CPU.ActiveCfg = Release|Any CPU
		{33582433-4EA4-4132-B422-36DCC69C64CF}.Release|Any CPU.Build.0 = Release|Any CPU
	EndGlobalSection
	GlobalSection(SolutionProperties) = preSolution
		HideSolutionNode = FALSE
	EndGlobalSection
	GlobalSection(ExtensibilityGlobals) = postSolution
		SolutionGuid = {F92968DA-9C5A-4669-9344-C1B6811FFFC5}
	EndGlobalSection
EndGlobal
