
Microsoft Visual Studio Solution File, Format Version 12.00
# Visual Studio Version 17
VisualStudioVersion = 17.5.002.0
MinimumVisualStudioVersion = 10.0.40219.1
Project("{9A19103F-16F7-4668-BE54-9A1E7A4F7556}") = "proj-acad-process", "proj-acad-process.csproj", "{ED70D084-1FB7-45AB-8815-055A496EB67A}"
EndProject
Global
	GlobalSection(SolutionConfigurationPlatforms) = preSolution
		Debug|Any CPU = Debug|Any CPU
		Release|Any CPU = Release|Any CPU
	EndGlobalSection
	GlobalSection(ProjectConfigurationPlatforms) = postSolution
		{ED70D084-1FB7-45AB-8815-055A496EB67A}.Debug|Any CPU.ActiveCfg = Debug|Any CPU
		{ED70D084-1FB7-45AB-8815-055A496EB67A}.Debug|Any CPU.Build.0 = Debug|Any CPU
		{ED70D084-1FB7-45AB-8815-055A496EB67A}.Release|Any CPU.ActiveCfg = Release|Any CPU
		{ED70D084-1FB7-45AB-8815-055A496EB67A}.Release|Any CPU.Build.0 = Release|Any CPU
	EndGlobalSection
	GlobalSection(SolutionProperties) = preSolution
		HideSolutionNode = FALSE
	EndGlobalSection
	GlobalSection(ExtensibilityGlobals) = postSolution
		SolutionGuid = {FCC84D07-3461-430D-9B1E-CE3A8A8134A2}
	EndGlobalSection
EndGlobal
