
Microsoft Visual Studio Solution File, Format Version 12.00
# Visual Studio Version 17
VisualStudioVersion = 17.5.002.0
MinimumVisualStudioVersion = 10.0.40219.1
Project("{9A19103F-16F7-4668-BE54-9A1E7A4F7556}") = "PROJSD02.2_FTP", "PROJSD02.2_FTP.csproj", "{9B8E7B3B-812A-44C0-A01E-54C713BDBF2A}"
EndProject
Global
	GlobalSection(SolutionConfigurationPlatforms) = preSolution
		Debug|Any CPU = Debug|Any CPU
		Release|Any CPU = Release|Any CPU
	EndGlobalSection
	GlobalSection(ProjectConfigurationPlatforms) = postSolution
		{9B8E7B3B-812A-44C0-A01E-54C713BDBF2A}.Debug|Any CPU.ActiveCfg = Debug|Any CPU
		{9B8E7B3B-812A-44C0-A01E-54C713BDBF2A}.Debug|Any CPU.Build.0 = Debug|Any CPU
		{9B8E7B3B-812A-44C0-A01E-54C713BDBF2A}.Release|Any CPU.ActiveCfg = Release|Any CPU
		{9B8E7B3B-812A-44C0-A01E-54C713BDBF2A}.Release|Any CPU.Build.0 = Release|Any CPU
	EndGlobalSection
	GlobalSection(SolutionProperties) = preSolution
		HideSolutionNode = FALSE
	EndGlobalSection
	GlobalSection(ExtensibilityGlobals) = postSolution
		SolutionGuid = {70F6CCED-DC52-4AFA-89E6-E33D79313679}
	EndGlobalSection
EndGlobal
